github.com/nazarifard/gomap v0.0.0-20240619131250-72878684431f h1:/Hks1b0xVv3eoBm3/BAfH8fNCnO03YDhOSnM8Cwi1zQ=
github.com/nazarifard/gomap v0.0.0-20240619131250-72878684431f/go.mod h1:yzd/gCwAbVu/8O9j19V1qO21yqCL8dReNexIVxDW6ZU=
github.com/sanity-io/litter v1.5.5 h1:iE+sBxPBzoK6uaEP5Lt3fHNgpKcHXc/A2HGETy0uJQo=
github.com/sanity-io/litter v1.5.5/go.mod h1:9gzJgR2i4ZpjZHsKvUXIRQVk7P+yM3e+jAF7bU2UI5U=
